{
    "_meta": {
        "hash": {
            "sha256": "c66b25b11850b494555e003ea603f7e0aeaec549087ad1688272650fb6664e54"
        },
        "pipfile-spec": 6,
        "requires": {
            "python_version": "3.6"
        },
        "sources": [
            {
                "name": "pypi",
                "url": "https://pypi.python.org/simple",
                "verify_ssl": true
            }
        ]
    },
    "default": {
        "certifi": {
            "hashes": [
                "sha256:2bbf76fd432960138b3ef6dda3dde0544f27cbf8546c458e60baf371917ba9ee",
                "sha256:50b1e4f8446b06f41be7dd6338db18e0990601dce795c2b1686458aa7e8fa7d8"
            ],
            "version": "==2021.5.30"
        },
        "chardet": {
            "hashes": [
                "sha256:0d6f53a15db4120f2b08c94f11e7d93d2c911ee118b6b30a04ec3ee8310179fa",
                "sha256:f864054d66fd9118f2e67044ac8981a54775ec5b67aed0441892edb553d21da5"
            ],
            "version": "==4.0.0"
        },
        "datefinder": {
            "hashes": [
                "sha256:cbcef23d03358b81bcc16e7bbdd71d759ee3dcaea7c7602db0587d3473f41d15"
            ],
            "index": "pypi",
            "version": "==0.6.1"
        },
        "idna": {
            "hashes": [
                "sha256:b307872f855b18632ce0c21c5e45be78c0ea7ae4c15c828c20788b26921eb3f6",
                "sha256:b97d804b1e9b523befed77c48dacec60e6dcb0b5391d57af6a65a312a90648c0"
            ],
            "version": "==2.10"
        },
        "pyjwt": {
            "hashes": [
                "sha256:934d73fbba91b0483d3857d1aff50e96b2a892384ee2c17417ed3203f173fca1",
                "sha256:fba44e7898bbca160a2b2b501f492824fc8382485d3a6f11ba5d0c1937ce6130"
            ],
            "version": "==2.1.0"
        },
        "pysocks": {
            "hashes": [
                "sha256:08e69f092cc6dbe92a0fdd16eeb9b9ffbc13cadfe5ca4c7bd92ffb078b293299",
                "sha256:2725bd0a9925919b9b51739eea5f9e2bae91e83288108a9ad338b2e3a4435ee5",
                "sha256:3f8804571ebe159c380ac6de37643bb4685970655d3bba243530d6558b799aa0"
            ],
            "markers": "python_version >= '3.0'",
            "version": "==1.7.1"
        },
        "python-dateutil": {
            "hashes": [
                "sha256:73ebfe9dbf22e832286dafa60473e4cd239f8592f699aa5adaf10050e6e1823c",
                "sha256:75bb3f31ea686f1197762692a9ee6a7550b59fc6ca3a1f4b5d7e32fb98e2da2a"
            ],
            "version": "==2.8.1"
        },
        "pytodoist": {
            "hashes": [
                "sha256:32131134bdaece35982a9fcdb9150bd86ac8dbb98c92bc4302c94237252b59c7",
                "sha256:fcf65f71f07d62794c93bc03e8a7a94f8068fe3d22ef0d57bbb241334b48e8dc"
            ],
            "index": "pypi",
            "version": "==2.1.1"
        },
        "pytz": {
            "hashes": [
                "sha256:83a4a90894bf38e243cf052c8b58f381bfe9a7a483f6a9cab140bc7f702ac4da",
                "sha256:eb10ce3e7736052ed3623d49975ce333bcd712c7bb19a58b9e2089d4057d0798"
            ],
            "version": "==2021.1"
        },
        "regex": {
            "hashes": [
                "sha256:02a77606e3f4a0a16a2727ed8f067681635a56221e8fca863ff64b196d5d79e0",
                "sha256:03f2069676cf918ff642d42c8c649a889b484dd38aa30a7056b20e428f32dbc5",
                "sha256:2cc4a724308cc7ddac088e0f7b9a8055c170eecf1772d7348759d3fda71c5695",
                "sha256:3bcabcaee85eaf456e57e04e353eee398f197f4c9a07b4606d1cae9db054b97e",
                "sha256:50575ad4f84db77e9f1eaab59b45c0e90e25f1f4cab977ca45a9d14d1413693a",
                "sha256:562af33c5f1744e741d103dd877d45cac3294b3e3e3e66fede8b388a7f0c91fa",
                "sha256:6449b767e0a84fd241bf93bf4e59aec76b2204aa8f46c4103b10ac1cf9b92c1f",
                "sha256:697c0085f1adf9171a00dd3d8296c92d4ea013518cfd31b7f83c45948d9f5b65",
                "sha256:6df2e1c91c8196c205d264d94f7d0b7cb21b174d031b2a68ceda5ef0b3664dc2",
                "sha256:80b3b452de3c4142e0f76d5f08a1989673b6b2c88bee5bccf41bac8a416f6aac",
                "sha256:80f58c6c4c38162eadeae23f658d2b92ad1ca4233802095e15f06f80203f71fe",
                "sha256:a1e7b5928e398c618eb8553557ebb9bc5dcba61c16b4836905c8ae22742a07b4",
                "sha256:b9f70b4ae8fda18483f9ecf4cfd4784674cb634cabaac0394119360cc911ae07",
                "sha256:bf43d70d885b0685e19d0ac29d40e96d5c8ae7fe42d2ab5a12f45b3f790d3264",
                "sha256:d0d77f7d256199ce89ad612503b63d4556d083a87e4e12b7edabfa427b54d121",
                "sha256:e76e03c9f26550167c8f89e88d28a1c79868373bd56887c67142c97050442c3c",
                "sha256:f0b5ce8cd3398470a56c308d3b0372414699c7d76c7440c806713a14fa020046"
            ],
            "version": "==2016.1.10"
        },
        "requests": {
            "hashes": [
                "sha256:27973dd4a904a4f13b263a19c866c13b92a39ed1c964655f025f3f8d3d75b804",
                "sha256:c210084e36a42ae6b9219e00e48287def368a26d03a048ddad7bfee44f75871e"
            ],
            "markers": "python_version >= '3.0'",
            "version": "==2.25.1"
        },
        "six": {
            "hashes": [
                "sha256:1e61c37477a1626458e36f7b1d82aa5c9b094fa4802892072e49de9c60c4c926",
                "sha256:8abb2f1d86890a2dfb989f9a77cfcfd3e47c2a354b01111771326f8aa26e0254"
            ],
            "version": "==1.16.0"
        },
        "todoist-python": {
            "hashes": [
                "sha256:b362ec7296886f6fdb1e4fb367ee33dfb5903f1fbe0f7626543f58294b6df7d0"
            ],
            "index": "pypi",
            "version": "==7.0.18"
        },
        "twilio": {
            "hashes": [
                "sha256:07b315e5dc6b3e0a7fed13237a46a3a5e3fe20bf10e6ac91a3b1304c85318b2b",
                "sha256:d67cec5d0b0be3b92d31051ca3f2faec247e2201a474237e93587aa08d64fa75"
            ],
            "index": "pypi",
            "version": "==6.19.1"
        },
        "urllib3": {
            "hashes": [
                "sha256:753a0374df26658f99d826cfe40394a686d05985786d946fbe4165b5148f5a7c",
                "sha256:a7acd0977125325f516bda9735fa7142b909a8d01e8b2e4c8108d0984e6e0098"
            ],
            "index": "pypi",
            "version": "==1.26.5"
        }
    },
    "develop": {}
}
